<?xml version="1.0" encoding="utf-8"?>
<Project ToolsVersion="4.0" xmlns="http://schemas.microsoft.com/developer/msbuild/2003">
  <ItemGroup>
    <Filter Include="Engine">
      <UniqueIdentifier>{DBC7D3B0-C769-FE86-B024-12DB9C6585D7}</UniqueIdentifier>
    </Filter>
    <Filter Include="Engine\Core">
      <UniqueIdentifier>{130D9B61-7FC2-1357-08B7-0D2E746B0A5B}</UniqueIdentifier>
    </Filter>
    <Filter Include="Platform">
      <UniqueIdentifier>{2AC788B4-1694-E3BF-3FAD-D1672BD9184E}</UniqueIdentifier>
    </Filter>
    <Filter Include="Platform\Win64">
      <UniqueIdentifier>{F136D494-DD04-C89A-C698-38C1B205A4FF}</UniqueIdentifier>
    </Filter>
  </ItemGroup>
  <ItemGroup>
    <ClInclude Include="src\Engine\Core\Application.h">
      <Filter>Engine\Core</Filter>
    </ClInclude>
    <ClInclude Include="src\Engine\Core\Assert.h">
      <Filter>Engine\Core</Filter>
    </ClInclude>
    <ClInclude Include="src\Engine\Core\BaseDefine.h">
      <Filter>Engine\Core</Filter>
    </ClInclude>
    <ClInclude Include="src\Engine\Core\DataDefine.h">
      <Filter>Engine\Core</Filter>
    </ClInclude>
    <ClInclude Include="src\Engine\Core\EnterPoint.h">
      <Filter>Engine\Core</Filter>
    </ClInclude>
    <ClInclude Include="src\Engine\Core\Log.h">
      <Filter>Engine\Core</Filter>
    </ClInclude>
    <ClInclude Include="src\Engine\Core\PlatformCheck.h">
      <Filter>Engine\Core</Filter>
    </ClInclude>
    <ClInclude Include="src\Engine\Core\Window.h">
      <Filter>Engine\Core</Filter>
    </ClInclude>
    <ClInclude Include="src\Fluoresce.h" />
    <ClInclude Include="src\Platform\Win64\WinWindow.h">
      <Filter>Platform\Win64</Filter>
    </ClInclude>
    <ClInclude Include="src\frpch.h" />
    <ClInclude Include="src\Engine\Events\ApplicationEvent.h" />
    <ClInclude Include="src\Engine\Events\Event.h" />
    <ClInclude Include="src\Engine\Events\KeyEvent.h" />
    <ClInclude Include="src\Engine\Events\MouseEvent.h" />
    <ClInclude Include="src\Engine\Core\Input.h" />
    <ClInclude Include="src\Engine\Core\KeyCodes.h" />
    <ClInclude Include="src\Engine\Core\MouseCodes.h" />
  </ItemGroup>
  <ItemGroup>
    <ClCompile Include="src\Engine\Core\Application.cpp">
      <Filter>Engine\Core</Filter>
    </ClCompile>
    <ClCompile Include="src\Engine\Core\Log.cpp">
      <Filter>Engine\Core</Filter>
    </ClCompile>
    <ClCompile Include="src\Platform\Win64\WinWindow.cpp">
      <Filter>Platform\Win64</Filter>
    </ClCompile>
    <ClCompile Include="src\frpch.cpp" />
    <ClCompile Include="src\Platform\Win64\WinInput.cpp" />
  </ItemGroup>
</Project>