<?xml version="1.0" encoding="utf-8"?>
<Project ToolsVersion="4.0" xmlns="http://schemas.microsoft.com/developer/msbuild/2003">
  <ItemGroup>
    <Filter Include="dependencies">
      <UniqueIdentifier>{8CAD9F58-7810-2FFD-2196-67B30DD8FA7F}</UniqueIdentifier>
    </Filter>
    <Filter Include="dependencies\ImGuizmo">
      <UniqueIdentifier>{6C1DA30B-D889-5E06-A17D-F6630DA9806E}</UniqueIdentifier>
    </Filter>
    <Filter Include="dependencies\ImGuizmo\src">
      <UniqueIdentifier>{83B1A739-EF73-DBC3-3824-6A50A425B4A1}</UniqueIdentifier>
    </Filter>
    <Filter Include="dependencies\stb_image">
      <UniqueIdentifier>{26BD49FD-12B7-724F-FB23-0960E7BCD8BB}</UniqueIdentifier>
    </Filter>
    <Filter Include="dependencies\stb_image\src">
      <UniqueIdentifier>{3D9EABD8-29AE-57A9-9267-BCC77E964642}</UniqueIdentifier>
    </Filter>
    <Filter Include="src">
      <UniqueIdentifier>{2DAB880B-99B4-887C-2230-9F7C8E38947C}</UniqueIdentifier>
    </Filter>
    <Filter Include="src\Engine">
      <UniqueIdentifier>{12A1320E-FE58-745B-6760-4DB753370F4C}</UniqueIdentifier>
    </Filter>
    <Filter Include="src\Engine\Core">
      <UniqueIdentifier>{AA407579-16CC-E23D-1FDD-65328BE73E3E}</UniqueIdentifier>
    </Filter>
    <Filter Include="src\Engine\Events">
      <UniqueIdentifier>{B624EAB0-223B-E846-6BB2-7368D707B9CE}</UniqueIdentifier>
    </Filter>
    <Filter Include="src\Engine\Graphics">
      <UniqueIdentifier>{92BD692F-FE1E-473D-878C-8DEFF3EC7DFC}</UniqueIdentifier>
    </Filter>
    <Filter Include="src\Engine\ImGui">
      <UniqueIdentifier>{BC1B88A8-A814-A7FA-D146-8C7FBD9E8606}</UniqueIdentifier>
    </Filter>
    <Filter Include="src\Engine\Renderer">
      <UniqueIdentifier>{F838018B-649A-DE98-ED07-254B59681558}</UniqueIdentifier>
    </Filter>
    <Filter Include="src\Engine\Scene">
      <UniqueIdentifier>{AF1338A9-9B0C-57FB-C43E-3C80B0963607}</UniqueIdentifier>
    </Filter>
    <Filter Include="src\Engine\Utils">
      <UniqueIdentifier>{F2A765A9-DEA0-84FB-07D3-6980F32A6407}</UniqueIdentifier>
    </Filter>
    <Filter Include="src\Platform">
      <UniqueIdentifier>{21CA02E5-0D2D-9289-B6B2-CA3FA2F45D0C}</UniqueIdentifier>
    </Filter>
    <Filter Include="src\Platform\OpenGL">
      <UniqueIdentifier>{35A49437-A105-7245-2A73-B8F796D3A804}</UniqueIdentifier>
    </Filter>
    <Filter Include="src\Platform\Win64">
      <UniqueIdentifier>{2857B8F2-143B-7948-7D9B-739B699E63CA}</UniqueIdentifier>
    </Filter>
  </ItemGroup>
  <ItemGroup>
    <ClInclude Include="dependencies\ImGuizmo\src\ImGuizmo.h">
      <Filter>dependencies\ImGuizmo\src</Filter>
    </ClInclude>
    <ClInclude Include="dependencies\stb_image\src\stb_image.h">
      <Filter>dependencies\stb_image\src</Filter>
    </ClInclude>
    <ClInclude Include="src\Engine\Core\Application.h">
      <Filter>src\Engine\Core</Filter>
    </ClInclude>
    <ClInclude Include="src\Engine\Core\Assert.h">
      <Filter>src\Engine\Core</Filter>
    </ClInclude>
    <ClInclude Include="src\Engine\Core\BaseDefine.h">
      <Filter>src\Engine\Core</Filter>
    </ClInclude>
    <ClInclude Include="src\Engine\Core\DataDefine.h">
      <Filter>src\Engine\Core</Filter>
    </ClInclude>
    <ClInclude Include="src\Engine\Core\DeltaTime.h">
      <Filter>src\Engine\Core</Filter>
    </ClInclude>
    <ClInclude Include="src\Engine\Core\EnterPoint.h">
      <Filter>src\Engine\Core</Filter>
    </ClInclude>
    <ClInclude Include="src\Engine\Core\Input.h">
      <Filter>src\Engine\Core</Filter>
    </ClInclude>
    <ClInclude Include="src\Engine\Core\KeyCodes.h">
      <Filter>src\Engine\Core</Filter>
    </ClInclude>
    <ClInclude Include="src\Engine\Core\Layer.h">
      <Filter>src\Engine\Core</Filter>
    </ClInclude>
    <ClInclude Include="src\Engine\Core\LayerStack.h">
      <Filter>src\Engine\Core</Filter>
    </ClInclude>
    <ClInclude Include="src\Engine\Core\Log.h">
      <Filter>src\Engine\Core</Filter>
    </ClInclude>
    <ClInclude Include="src\Engine\Core\MathDefine.h">
      <Filter>src\Engine\Core</Filter>
    </ClInclude>
    <ClInclude Include="src\Engine\Core\MouseCodes.h">
      <Filter>src\Engine\Core</Filter>
    </ClInclude>
    <ClInclude Include="src\Engine\Core\PlatformCheck.h">
      <Filter>src\Engine\Core</Filter>
    </ClInclude>
    <ClInclude Include="src\Engine\Core\UniqueID.h">
      <Filter>src\Engine\Core</Filter>
    </ClInclude>
    <ClInclude Include="src\Engine\Core\Window.h">
      <Filter>src\Engine\Core</Filter>
    </ClInclude>
    <ClInclude Include="src\Engine\Events\ApplicationEvent.h">
      <Filter>src\Engine\Events</Filter>
    </ClInclude>
    <ClInclude Include="src\Engine\Events\Event.h">
      <Filter>src\Engine\Events</Filter>
    </ClInclude>
    <ClInclude Include="src\Engine\Events\KeyEvent.h">
      <Filter>src\Engine\Events</Filter>
    </ClInclude>
    <ClInclude Include="src\Engine\Events\MouseEvent.h">
      <Filter>src\Engine\Events</Filter>
    </ClInclude>
    <ClInclude Include="src\Engine\Graphics\Camera.h">
      <Filter>src\Engine\Graphics</Filter>
    </ClInclude>
    <ClInclude Include="src\Engine\Graphics\EditorCamera.h">
      <Filter>src\Engine\Graphics</Filter>
    </ClInclude>
    <ClInclude Include="src\Engine\Graphics\Framebuffer.h">
      <Filter>src\Engine\Graphics</Filter>
    </ClInclude>
    <ClInclude Include="src\Engine\Graphics\GPUDataDefine.h">
      <Filter>src\Engine\Graphics</Filter>
    </ClInclude>
    <ClInclude Include="src\Engine\Graphics\GraphicsContext.h">
      <Filter>src\Engine\Graphics</Filter>
    </ClInclude>
    <ClInclude Include="src\Engine\Graphics\GraphicsCore.h">
      <Filter>src\Engine\Graphics</Filter>
    </ClInclude>
    <ClInclude Include="src\Engine\Graphics\IndexBuffer.h">
      <Filter>src\Engine\Graphics</Filter>
    </ClInclude>
    <ClInclude Include="src\Engine\Graphics\Shader.h">
      <Filter>src\Engine\Graphics</Filter>
    </ClInclude>
    <ClInclude Include="src\Engine\Graphics\Texture.h">
      <Filter>src\Engine\Graphics</Filter>
    </ClInclude>
    <ClInclude Include="src\Engine\Graphics\UniformBuffer.h">
      <Filter>src\Engine\Graphics</Filter>
    </ClInclude>
    <ClInclude Include="src\Engine\Graphics\VertexArray.h">
      <Filter>src\Engine\Graphics</Filter>
    </ClInclude>
    <ClInclude Include="src\Engine\Graphics\VertexBuffer.h">
      <Filter>src\Engine\Graphics</Filter>
    </ClInclude>
    <ClInclude Include="src\Engine\Imgui\ImguiLayer.h">
      <Filter>src\Engine\ImGui</Filter>
    </ClInclude>
    <ClInclude Include="src\Engine\Imgui\ImguiSerializer.h">
      <Filter>src\Engine\ImGui</Filter>
    </ClInclude>
    <ClInclude Include="src\Engine\Renderer\BatchRenderer.h">
      <Filter>src\Engine\Renderer</Filter>
    </ClInclude>
    <ClInclude Include="src\Engine\Renderer\LineRenderer.h">
      <Filter>src\Engine\Renderer</Filter>
    </ClInclude>
    <ClInclude Include="src\Engine\Renderer\RenderCommand.h">
      <Filter>src\Engine\Renderer</Filter>
    </ClInclude>
    <ClInclude Include="src\Engine\Renderer\RenderPipeline.h">
      <Filter>src\Engine\Renderer</Filter>
    </ClInclude>
    <ClInclude Include="src\Engine\Renderer\SpriteRenderer.h">
      <Filter>src\Engine\Renderer</Filter>
    </ClInclude>
    <ClInclude Include="src\Engine\Scene\Components.h">
      <Filter>src\Engine\Scene</Filter>
    </ClInclude>
    <ClInclude Include="src\Engine\Scene\Entity.h">
      <Filter>src\Engine\Scene</Filter>
    </ClInclude>
    <ClInclude Include="src\Engine\Scene\Scene.h">
      <Filter>src\Engine\Scene</Filter>
    </ClInclude>
    <ClInclude Include="src\Engine\Scene\SceneCamera.h">
      <Filter>src\Engine\Scene</Filter>
    </ClInclude>
    <ClInclude Include="src\Engine\Scene\SceneSerializer.h">
      <Filter>src\Engine\Scene</Filter>
    </ClInclude>
    <ClInclude Include="src\Engine\Utils\FileUtil.h">
      <Filter>src\Engine\Utils</Filter>
    </ClInclude>
    <ClInclude Include="src\Engine\Utils\GlmUtil.h">
      <Filter>src\Engine\Utils</Filter>
    </ClInclude>
    <ClInclude Include="src\Fluoresce.h">
      <Filter>src</Filter>
    </ClInclude>
    <ClInclude Include="src\Platform\OpenGL\GLBuffer.h">
      <Filter>src\Platform\OpenGL</Filter>
    </ClInclude>
    <ClInclude Include="src\Platform\OpenGL\GLContext.h">
      <Filter>src\Platform\OpenGL</Filter>
    </ClInclude>
    <ClInclude Include="src\Platform\OpenGL\GLCore.h">
      <Filter>src\Platform\OpenGL</Filter>
    </ClInclude>
    <ClInclude Include="src\Platform\OpenGL\GLFramebuffer.h">
      <Filter>src\Platform\OpenGL</Filter>
    </ClInclude>
    <ClInclude Include="src\Platform\OpenGL\GLShader.h">
      <Filter>src\Platform\OpenGL</Filter>
    </ClInclude>
    <ClInclude Include="src\Platform\OpenGL\GLTexture.h">
      <Filter>src\Platform\OpenGL</Filter>
    </ClInclude>
    <ClInclude Include="src\Platform\OpenGL\GLUniformBuffer.h">
      <Filter>src\Platform\OpenGL</Filter>
    </ClInclude>
    <ClInclude Include="src\Platform\OpenGL\GLVertexArray.h">
      <Filter>src\Platform\OpenGL</Filter>
    </ClInclude>
    <ClInclude Include="src\Platform\Win64\WinWindow.h">
      <Filter>src\Platform\Win64</Filter>
    </ClInclude>
    <ClInclude Include="src\frpch.h">
      <Filter>src</Filter>
    </ClInclude>
  </ItemGroup>
  <ItemGroup>
    <ClCompile Include="dependencies\ImGuizmo\src\ImGuizmo.cpp">
      <Filter>dependencies\ImGuizmo\src</Filter>
    </ClCompile>
    <ClCompile Include="dependencies\stb_image\src\stb_image.cpp">
      <Filter>dependencies\stb_image\src</Filter>
    </ClCompile>
    <ClCompile Include="src\Engine\Core\Application.cpp">
      <Filter>src\Engine\Core</Filter>
    </ClCompile>
    <ClCompile Include="src\Engine\Core\Layer.cpp">
      <Filter>src\Engine\Core</Filter>
    </ClCompile>
    <ClCompile Include="src\Engine\Core\LayerStack.cpp">
      <Filter>src\Engine\Core</Filter>
    </ClCompile>
    <ClCompile Include="src\Engine\Core\Log.cpp">
      <Filter>src\Engine\Core</Filter>
    </ClCompile>
    <ClCompile Include="src\Engine\Core\UniqueID.cpp">
      <Filter>src\Engine\Core</Filter>
    </ClCompile>
    <ClCompile Include="src\Engine\Graphics\Camera.cpp">
      <Filter>src\Engine\Graphics</Filter>
    </ClCompile>
    <ClCompile Include="src\Engine\Graphics\EditorCamera.cpp">
      <Filter>src\Engine\Graphics</Filter>
    </ClCompile>
    <ClCompile Include="src\Engine\Graphics\Framebuffer.cpp">
      <Filter>src\Engine\Graphics</Filter>
    </ClCompile>
    <ClCompile Include="src\Engine\Graphics\GraphicsContext.cpp">
      <Filter>src\Engine\Graphics</Filter>
    </ClCompile>
    <ClCompile Include="src\Engine\Graphics\GraphicsCore.cpp">
      <Filter>src\Engine\Graphics</Filter>
    </ClCompile>
    <ClCompile Include="src\Engine\Graphics\IndexBuffer.cpp">
      <Filter>src\Engine\Graphics</Filter>
    </ClCompile>
    <ClCompile Include="src\Engine\Graphics\Shader.cpp">
      <Filter>src\Engine\Graphics</Filter>
    </ClCompile>
    <ClCompile Include="src\Engine\Graphics\Texture.cpp">
      <Filter>src\Engine\Graphics</Filter>
    </ClCompile>
    <ClCompile Include="src\Engine\Graphics\UniformBuffer.cpp">
      <Filter>src\Engine\Graphics</Filter>
    </ClCompile>
    <ClCompile Include="src\Engine\Graphics\VertexArray.cpp">
      <Filter>src\Engine\Graphics</Filter>
    </ClCompile>
    <ClCompile Include="src\Engine\Graphics\VertexBuffer.cpp">
      <Filter>src\Engine\Graphics</Filter>
    </ClCompile>
    <ClCompile Include="src\Engine\Imgui\ImguiImpl.cpp">
      <Filter>src\Engine\ImGui</Filter>
    </ClCompile>
    <ClCompile Include="src\Engine\Imgui\ImguiLayer.cpp">
      <Filter>src\Engine\ImGui</Filter>
    </ClCompile>
    <ClCompile Include="src\Engine\Imgui\ImguiSerializer.cpp">
      <Filter>src\Engine\ImGui</Filter>
    </ClCompile>
    <ClCompile Include="src\Engine\Renderer\BatchRenderer.cpp">
      <Filter>src\Engine\Renderer</Filter>
    </ClCompile>
    <ClCompile Include="src\Engine\Renderer\LineRenderer.cpp">
      <Filter>src\Engine\Renderer</Filter>
    </ClCompile>
    <ClCompile Include="src\Engine\Renderer\RenderCommand.cpp">
      <Filter>src\Engine\Renderer</Filter>
    </ClCompile>
    <ClCompile Include="src\Engine\Renderer\RenderPipeline.cpp">
      <Filter>src\Engine\Renderer</Filter>
    </ClCompile>
    <ClCompile Include="src\Engine\Renderer\SpriteRenderer.cpp">
      <Filter>src\Engine\Renderer</Filter>
    </ClCompile>
    <ClCompile Include="src\Engine\Scene\Components.cpp">
      <Filter>src\Engine\Scene</Filter>
    </ClCompile>
    <ClCompile Include="src\Engine\Scene\Entity.cpp">
      <Filter>src\Engine\Scene</Filter>
    </ClCompile>
    <ClCompile Include="src\Engine\Scene\Scene.cpp">
      <Filter>src\Engine\Scene</Filter>
    </ClCompile>
    <ClCompile Include="src\Engine\Scene\SceneCamera.cpp">
      <Filter>src\Engine\Scene</Filter>
    </ClCompile>
    <ClCompile Include="src\Engine\Scene\SceneSerializer.cpp">
      <Filter>src\Engine\Scene</Filter>
    </ClCompile>
    <ClCompile Include="src\Platform\OpenGL\GLBuffer.cpp">
      <Filter>src\Platform\OpenGL</Filter>
    </ClCompile>
    <ClCompile Include="src\Platform\OpenGL\GLContext.cpp">
      <Filter>src\Platform\OpenGL</Filter>
    </ClCompile>
    <ClCompile Include="src\Platform\OpenGL\GLCore.cpp">
      <Filter>src\Platform\OpenGL</Filter>
    </ClCompile>
    <ClCompile Include="src\Platform\OpenGL\GLFramebuffer.cpp">
      <Filter>src\Platform\OpenGL</Filter>
    </ClCompile>
    <ClCompile Include="src\Platform\OpenGL\GLShader.cpp">
      <Filter>src\Platform\OpenGL</Filter>
    </ClCompile>
    <ClCompile Include="src\Platform\OpenGL\GLTexture.cpp">
      <Filter>src\Platform\OpenGL</Filter>
    </ClCompile>
    <ClCompile Include="src\Platform\OpenGL\GLUniformBuffer.cpp">
      <Filter>src\Platform\OpenGL</Filter>
    </ClCompile>
    <ClCompile Include="src\Platform\OpenGL\GLVertexArray.cpp">
      <Filter>src\Platform\OpenGL</Filter>
    </ClCompile>
    <ClCompile Include="src\Platform\Win64\WinFileUtil.cpp">
      <Filter>src\Platform\Win64</Filter>
    </ClCompile>
    <ClCompile Include="src\Platform\Win64\WinGPUDataDefine.cpp">
      <Filter>src\Platform\Win64</Filter>
    </ClCompile>
    <ClCompile Include="src\Platform\Win64\WinInput.cpp">
      <Filter>src\Platform\Win64</Filter>
    </ClCompile>
    <ClCompile Include="src\Platform\Win64\WinWindow.cpp">
      <Filter>src\Platform\Win64</Filter>
    </ClCompile>
    <ClCompile Include="src\frpch.cpp">
      <Filter>src</Filter>
    </ClCompile>
  </ItemGroup>
</Project>